
Microsoft Visual Studio Solution File, Format Version 12.00
# Visual Studio 15
VisualStudioVersion = 15.0.26730.15
MinimumVisualStudioVersion = 10.0.40219.1
Project("{FAE04EC0-301F-11D3-BF4B-00C04F79EFBC}") = "Linked-List", "Linked-List.csproj", "{6AE478A1-A792-4785-9261-CE30F3F0781B}"
EndProject
Global
	GlobalSection(SolutionConfigurationPlatforms) = preSolution
		Debug|Any CPU = Debug|Any CPU
		Release|Any CPU = Release|Any CPU
	EndGlobalSection
	GlobalSection(ProjectConfigurationPlatforms) = postSolution
		{6AE478A1-A792-4785-9261-CE30F3F0781B}.Debug|Any CPU.ActiveCfg = Debug|Any CPU
		{6AE478A1-A792-4785-9261-CE30F3F0781B}.Debug|Any CPU.Build.0 = Debug|Any CPU
		{6AE478A1-A792-4785-9261-CE30F3F0781B}.Release|Any CPU.ActiveCfg = Release|Any CPU
		{6AE478A1-A792-4785-9261-CE30F3F0781B}.Release|Any CPU.Build.0 = Release|Any CPU
	EndGlobalSection
	GlobalSection(SolutionProperties) = preSolution
		HideSolutionNode = FALSE
	EndGlobalSection
	GlobalSection(ExtensibilityGlobals) = postSolution
		SolutionGuid = {BC5ED332-8BA8-4057-9345-E202A402995A}
	EndGlobalSection
EndGlobal
