
Microsoft Visual Studio Solution File, Format Version 12.00
# Visual Studio 15
VisualStudioVersion = 15.0.26730.12
MinimumVisualStudioVersion = 10.0.40219.1
Project("{FAE04EC0-301F-11D3-BF4B-00C04F79EFBC}") = "Cat Garden 2", "Cat Garden 2\Cat Garden 2.csproj", "{31BAC576-99C2-4758-8346-721EAEEA5CF7}"
EndProject
Global
	GlobalSection(SolutionConfigurationPlatforms) = preSolution
		Debug|Any CPU = Debug|Any CPU
		Release|Any CPU = Release|Any CPU
	EndGlobalSection
	GlobalSection(ProjectConfigurationPlatforms) = postSolution
		{31BAC576-99C2-4758-8346-721EAEEA5CF7}.Debug|Any CPU.ActiveCfg = Debug|Any CPU
		{31BAC576-99C2-4758-8346-721EAEEA5CF7}.Debug|Any CPU.Build.0 = Debug|Any CPU
		{31BAC576-99C2-4758-8346-721EAEEA5CF7}.Release|Any CPU.ActiveCfg = Release|Any CPU
		{31BAC576-99C2-4758-8346-721EAEEA5CF7}.Release|Any CPU.Build.0 = Release|Any CPU
	EndGlobalSection
	GlobalSection(SolutionProperties) = preSolution
		HideSolutionNode = FALSE
	EndGlobalSection
	GlobalSection(ExtensibilityGlobals) = postSolution
		SolutionGuid = {9DBE3CED-4814-48FE-8632-B8B4BC114BCF}
	EndGlobalSection
EndGlobal
