
Microsoft Visual Studio Solution File, Format Version 12.00
# Visual Studio 15
VisualStudioVersion = 15.0.26730.15
MinimumVisualStudioVersion = 10.0.40219.1
Project("{FAE04EC0-301F-11D3-BF4B-00C04F79EFBC}") = "LinkedList", "LinkedList\LinkedList.csproj", "{58808E9C-7CC7-4F9B-9BF9-5939C1CDE167}"
EndProject
Global
	GlobalSection(SolutionConfigurationPlatforms) = preSolution
		Debug|Any CPU = Debug|Any CPU
		Release|Any CPU = Release|Any CPU
	EndGlobalSection
	GlobalSection(ProjectConfigurationPlatforms) = postSolution
		{58808E9C-7CC7-4F9B-9BF9-5939C1CDE167}.Debug|Any CPU.ActiveCfg = Debug|Any CPU
		{58808E9C-7CC7-4F9B-9BF9-5939C1CDE167}.Debug|Any CPU.Build.0 = Debug|Any CPU
		{58808E9C-7CC7-4F9B-9BF9-5939C1CDE167}.Release|Any CPU.ActiveCfg = Release|Any CPU
		{58808E9C-7CC7-4F9B-9BF9-5939C1CDE167}.Release|Any CPU.Build.0 = Release|Any CPU
	EndGlobalSection
	GlobalSection(SolutionProperties) = preSolution
		HideSolutionNode = FALSE
	EndGlobalSection
	GlobalSection(ExtensibilityGlobals) = postSolution
		SolutionGuid = {9C84A79B-1C05-4B28-AFD6-825E4F9A0E39}
	EndGlobalSection
EndGlobal
