
Microsoft Visual Studio Solution File, Format Version 12.00
# Visual Studio 15
VisualStudioVersion = 15.0.26730.12
MinimumVisualStudioVersion = 10.0.40219.1
Project("{FAE04EC0-301F-11D3-BF4B-00C04F79EFBC}") = "The Cat Garden", "The Cat Garden\The Cat Garden.csproj", "{580C045C-9B8B-49EF-81BA-47943E4320A7}"
EndProject
Global
	GlobalSection(SolutionConfigurationPlatforms) = preSolution
		Debug|Any CPU = Debug|Any CPU
		Release|Any CPU = Release|Any CPU
	EndGlobalSection
	GlobalSection(ProjectConfigurationPlatforms) = postSolution
		{580C045C-9B8B-49EF-81BA-47943E4320A7}.Debug|Any CPU.ActiveCfg = Debug|Any CPU
		{580C045C-9B8B-49EF-81BA-47943E4320A7}.Debug|Any CPU.Build.0 = Debug|Any CPU
		{580C045C-9B8B-49EF-81BA-47943E4320A7}.Release|Any CPU.ActiveCfg = Release|Any CPU
		{580C045C-9B8B-49EF-81BA-47943E4320A7}.Release|Any CPU.Build.0 = Release|Any CPU
	EndGlobalSection
	GlobalSection(SolutionProperties) = preSolution
		HideSolutionNode = FALSE
	EndGlobalSection
	GlobalSection(ExtensibilityGlobals) = postSolution
		SolutionGuid = {198BA702-BF32-4A80-94F8-83962E61D933}
	EndGlobalSection
EndGlobal
