
Microsoft Visual Studio Solution File, Format Version 12.00
# Visual Studio 15
VisualStudioVersion = 15.0.26730.15
MinimumVisualStudioVersion = 10.0.40219.1
Project("{FAE04EC0-301F-11D3-BF4B-00C04F79EFBC}") = "TheCatGarden", "TheCatGarden\TheCatGarden.csproj", "{B792332D-A17B-4E8A-84C9-FF68C1838429}"
EndProject
Global
	GlobalSection(SolutionConfigurationPlatforms) = preSolution
		Debug|Any CPU = Debug|Any CPU
		Release|Any CPU = Release|Any CPU
	EndGlobalSection
	GlobalSection(ProjectConfigurationPlatforms) = postSolution
		{B792332D-A17B-4E8A-84C9-FF68C1838429}.Debug|Any CPU.ActiveCfg = Debug|Any CPU
		{B792332D-A17B-4E8A-84C9-FF68C1838429}.Debug|Any CPU.Build.0 = Debug|Any CPU
		{B792332D-A17B-4E8A-84C9-FF68C1838429}.Release|Any CPU.ActiveCfg = Release|Any CPU
		{B792332D-A17B-4E8A-84C9-FF68C1838429}.Release|Any CPU.Build.0 = Release|Any CPU
	EndGlobalSection
	GlobalSection(SolutionProperties) = preSolution
		HideSolutionNode = FALSE
	EndGlobalSection
	GlobalSection(ExtensibilityGlobals) = postSolution
		SolutionGuid = {19D9F75D-C7FD-4701-95E0-1685564733A5}
	EndGlobalSection
EndGlobal
